# This file was autogenerated by Stack.
# You should not edit this file by hand.
# For more information, please see the documentation at:
#   https://docs.haskellstack.org/en/stable/topics/lock_files

packages:
- completed:
    commit: 546eea7502e63fdfdc505853eb72c45c0aa451b6
    git: https://github.com/dorchard/type-level-sets.git
    name: type-level-sets
    pantry-tree:
      sha256: 4f177f795018807f6873e3b0a87d0a6213ed2591d5b5f8ee622a26252db099b0
      size: 579
    version: 0.8.9.1
  original:
    commit: 546eea7502e63fdfdc505853eb72c45c0aa451b6
    git: https://github.com/dorchard/type-level-sets.git
snapshots:
- completed:
    sha256: f9f775487e1678844b9f031919ed508a88097aa883002a970d3cd6fc6308b5d2
    size: 732679
    url: https://raw.githubusercontent.com/commercialhaskell/stackage-snapshots/master/lts/24/50.yaml
  original: lts-24.50
